// !$*UTF8*$!
{
	archiveVersion = 1;
	classes = {
	};
	objectVersion = 46;
	objects = {

/* Begin PBXBuildFile section */
		DBD0FB2A19DDC6800055ED34 /* AppKit.framework in Frameworks */ = {isa = PBXBuildFile; fileRef = DBD0FB2919DDC6800055ED34 /* AppKit.framework */; };
		DBD0FB2C19DDC6800055ED34 /* Foundation.framework in Frameworks */ = {isa = PBXBuildFile; fileRef = DBD0FB2B19DDC6800055ED34 /* Foundation.framework */; };
		DBD0FB3419DDC6800055ED34 /* ProjectWindowName.m in Sources */ = {isa = PBXBuildFile; fileRef = DBD0FB3319DDC6800055ED34 /* ProjectWindowName.m */; };
/* End PBXBuildFile section */

/* Begin PBXFileReference section */
		DBD0FB2619DDC6800055ED34 /* ProjectWindowName.xcplugin */ = {isa = PBXFileReference; explicitFileType = wrapper.cfbundle; includeInIndex = 0; path = ProjectWindowName.xcplugin; sourceTree = BUILT_PRODUCTS_DIR; };
		DBD0FB2919DDC6800055ED34 /* AppKit.framework */ = {isa = PBXFileReference; lastKnownFileType = wrapper.framework; name = AppKit.framework; path = /System/Library/Frameworks/AppKit.framework; sourceTree = "<absolute>"; };
		DBD0FB2B19DDC6800055ED34 /* Foundation.framework */ = {isa = PBXFileReference; lastKnownFileType = wrapper.framework; name = Foundation.framework; path = /System/Library/Frameworks/Foundation.framework; sourceTree = "<absolute>"; };
		DBD0FB2F19DDC6800055ED34 /* Info.plist */ = {isa = PBXFileReference; lastKnownFileType = text.plist.xml; path = Info.plist; sourceTree = "<group>"; };
		DBD0FB3219DDC6800055ED34 /* ProjectWindowName.h */ = {isa = PBXFileReference; lastKnownFileType = sourcecode.c.h; path = ProjectWindowName.h; sourceTree = "<group>"; };
		DBD0FB3319DDC6800055ED34 /* ProjectWindowName.m */ = {isa = PBXFileReference; lastKnownFileType = sourcecode.c.objc; path = ProjectWindowName.m; sourceTree = "<group>"; };
/* End PBXFileReference section */

/* Begin PBXFrameworksBuildPhase section */
		DBD0FB2419DDC6800055ED34 /* Frameworks */ = {
			isa = PBXFrameworksBuildPhase;
			buildActionMask = 2147483647;
			files = (
				DBD0FB2A19DDC6800055ED34 /* AppKit.framework in Frameworks */,
				DBD0FB2C19DDC6800055ED34 /* Foundation.framework in Frameworks */,
			);
			runOnlyForDeploymentPostprocessing = 0;
		};
/* End PBXFrameworksBuildPhase section */

/* Begin PBXGroup section */
		DBD0FB1D19DDC6800055ED34 = {
			isa = PBXGroup;
			children = (
				DBD0FB2D19DDC6800055ED34 /* ProjectWindowName */,
				DBD0FB2819DDC6800055ED34 /* Frameworks */,
				DBD0FB2719DDC6800055ED34 /* Products */,
			);
			sourceTree = "<group>";
		};
		DBD0FB2719DDC6800055ED34 /* Products */ = {
			isa = PBXGroup;
			children = (
				DBD0FB2619DDC6800055ED34 /* ProjectWindowName.xcplugin */,
			);
			name = Products;
			sourceTree = "<group>";
		};
		DBD0FB2819DDC6800055ED34 /* Frameworks */ = {
			isa = PBXGroup;
			children = (
				DBD0FB2919DDC6800055ED34 /* AppKit.framework */,
				DBD0FB2B19DDC6800055ED34 /* Foundation.framework */,
			);
			name = Frameworks;
			sourceTree = "<group>";
		};
		DBD0FB2D19DDC6800055ED34 /* ProjectWindowName */ = {
			isa = PBXGroup;
			children = (
				DBD0FB3219DDC6800055ED34 /* ProjectWindowName.h */,
				DBD0FB3319DDC6800055ED34 /* ProjectWindowName.m */,
				DBD0FB2E19DDC6800055ED34 /* Supporting Files */,
			);
			path = ProjectWindowName;
			sourceTree = "<group>";
		};
		DBD0FB2E19DDC6800055ED34 /* Supporting Files */ = {
			isa = PBXGroup;
			children = (
				DBD0FB2F19DDC6800055ED34 /* Info.plist */,
			);
			name = "Supporting Files";
			sourceTree = "<group>";
		};
/* End PBXGroup section */

/* Begin PBXNativeTarget section */
		DBD0FB2519DDC6800055ED34 /* ProjectWindowName */ = {
			isa = PBXNativeTarget;
			buildConfigurationList = DBD0FB3719DDC6800055ED34 /* Build configuration list for PBXNativeTarget "ProjectWindowName" */;
			buildPhases = (
				DBD0FB2219DDC6800055ED34 /* Sources */,
				DBD0FB2319DDC6800055ED34 /* Resources */,
				DBD0FB2419DDC6800055ED34 /* Frameworks */,
			);
			buildRules = (
			);
			dependencies = (
			);
			name = ProjectWindowName;
			productName = ProjectWindowName;
			productReference = DBD0FB2619DDC6800055ED34 /* ProjectWindowName.xcplugin */;
			productType = "com.apple.product-type.bundle";
		};
/* End PBXNativeTarget section */

/* Begin PBXProject section */
		DBD0FB1E19DDC6800055ED34 /* Project object */ = {
			isa = PBXProject;
			attributes = {
				LastUpgradeCheck = 0600;
				ORGANIZATIONNAME = "Simeon Leifer";
				TargetAttributes = {
					DBD0FB2519DDC6800055ED34 = {
						CreatedOnToolsVersion = 6.0.1;
					};
				};
			};
			buildConfigurationList = DBD0FB2119DDC6800055ED34 /* Build configuration list for PBXProject "ProjectWindowName" */;
			compatibilityVersion = "Xcode 3.2";
			developmentRegion = English;
			hasScannedForEncodings = 0;
			knownRegions = (
				en,
			);
			mainGroup = DBD0FB1D19DDC6800055ED34;
			productRefGroup = DBD0FB2719DDC6800055ED34 /* Products */;
			projectDirPath = "";
			projectRoot = "";
			targets = (
				DBD0FB2519DDC6800055ED34 /* ProjectWindowName */,
			);
		};
/* End PBXProject section */

/* Begin PBXResourcesBuildPhase section */
		DBD0FB2319DDC6800055ED34 /* Resources */ = {
			isa = PBXResourcesBuildPhase;
			buildActionMask = 2147483647;
			files = (
			);
			runOnlyForDeploymentPostprocessing = 0;
		};
/* End PBXResourcesBuildPhase section */

/* Begin PBXSourcesBuildPhase section */
		DBD0FB2219DDC6800055ED34 /* Sources */ = {
			isa = PBXSourcesBuildPhase;
			buildActionMask = 2147483647;
			files = (
				DBD0FB3419DDC6800055ED34 /* ProjectWindowName.m in Sources */,
			);
			runOnlyForDeploymentPostprocessing = 0;
		};
/* End PBXSourcesBuildPhase section */

/* Begin XCBuildConfiguration section */
		DBD0FB3519DDC6800055ED34 /* Debug */ = {
			isa = XCBuildConfiguration;
			buildSettings = {
				ALWAYS_SEARCH_USER_PATHS = NO;
				CLANG_CXX_LANGUAGE_STANDARD = "gnu++0x";
				CLANG_CXX_LIBRARY = "libc++";
				CLANG_ENABLE_MODULES = YES;
				CLANG_ENABLE_OBJC_ARC = YES;
				CLANG_WARN_BOOL_CONVERSION = YES;
				CLANG_WARN_CONSTANT_CONVERSION = YES;
				CLANG_WARN_DIRECT_OBJC_ISA_USAGE = YES_ERROR;
				CLANG_WARN_EMPTY_BODY = YES;
				CLANG_WARN_ENUM_CONVERSION = YES;
				CLANG_WARN_INT_CONVERSION = YES;
				CLANG_WARN_OBJC_ROOT_CLASS = YES_ERROR;
				CLANG_WARN_UNREACHABLE_CODE = YES;
				CLANG_WARN__DUPLICATE_METHOD_MATCH = YES;
				COPY_PHASE_STRIP = NO;
				ENABLE_STRICT_OBJC_MSGSEND = YES;
				GCC_C_LANGUAGE_STANDARD = gnu99;
				GCC_DYNAMIC_NO_PIC = NO;
				GCC_OPTIMIZATION_LEVEL = 0;
				GCC_PREPROCESSOR_DEFINITIONS = (
					"DEBUG=1",
					"$(inherited)",
				);
				GCC_SYMBOLS_PRIVATE_EXTERN = NO;
				GCC_WARN_64_TO_32_BIT_CONVERSION = YES;
				GCC_WARN_ABOUT_RETURN_TYPE = YES_ERROR;
				GCC_WARN_UNDECLARED_SELECTOR = YES;
				GCC_WARN_UNINITIALIZED_AUTOS = YES_AGGRESSIVE;
				GCC_WARN_UNUSED_FUNCTION = YES;
				GCC_WARN_UNUSED_VARIABLE = YES;
				MTL_ENABLE_DEBUG_INFO = YES;
				ONLY_ACTIVE_ARCH = YES;
			};
			name = Debug;
		};
		DBD0FB3619DDC6800055ED34 /* Release */ = {
			isa = XCBuildConfiguration;
			buildSettings = {
				ALWAYS_SEARCH_USER_PATHS = NO;
				CLANG_CXX_LANGUAGE_STANDARD = "gnu++0x";
				CLANG_CXX_LIBRARY = "libc++";
				CLANG_ENABLE_MODULES = YES;
				CLANG_ENABLE_OBJC_ARC = YES;
				CLANG_WARN_BOOL_CONVERSION = YES;
				CLANG_WARN_CONSTANT_CONVERSION = YES;
				CLANG_WARN_DIRECT_OBJC_ISA_USAGE = YES_ERROR;
				CLANG_WARN_EMPTY_BODY = YES;
				CLANG_WARN_ENUM_CONVERSION = YES;
				CLANG_WARN_INT_CONVERSION = YES;
				CLANG_WARN_OBJC_ROOT_CLASS = YES_ERROR;
				CLANG_WARN_UNREACHABLE_CODE = YES;
				CLANG_WARN__DUPLICATE_METHOD_MATCH = YES;
				COPY_PHASE_STRIP = YES;
				ENABLE_NS_ASSERTIONS = NO;
				ENABLE_STRICT_OBJC_MSGSEND = YES;
				GCC_C_LANGUAGE_STANDARD = gnu99;
				GCC_WARN_64_TO_32_BIT_CONVERSION = YES;
				GCC_WARN_ABOUT_RETURN_TYPE = YES_ERROR;
				GCC_WARN_UNDECLARED_SELECTOR = YES;
				GCC_WARN_UNINITIALIZED_AUTOS = YES_AGGRESSIVE;
				GCC_WARN_UNUSED_FUNCTION = YES;
				GCC_WARN_UNUSED_VARIABLE = YES;
				MTL_ENABLE_DEBUG_INFO = NO;
			};
			name = Release;
		};
		DBD0FB3819DDC6800055ED34 /* Debug */ = {
			isa = XCBuildConfiguration;
			buildSettings = {
				COMBINE_HIDPI_IMAGES = YES;
				DEPLOYMENT_LOCATION = YES;
				DSTROOT = "$(HOME)";
				INFOPLIST_FILE = ProjectWindowName/Info.plist;
				INSTALL_PATH = "/Library/Application Support/Developer/Shared/Xcode/Plug-ins";
				MACOSX_DEPLOYMENT_TARGET = 10.9;
				PRODUCT_NAME = "$(TARGET_NAME)";
				WRAPPER_EXTENSION = xcplugin;
			};
			name = Debug;
		};
		DBD0FB3919DDC6800055ED34 /* Release */ = {
			isa = XCBuildConfiguration;
			buildSettings = {
				COMBINE_HIDPI_IMAGES = YES;
				DEPLOYMENT_LOCATION = YES;
				DSTROOT = "$(HOME)";
				INFOPLIST_FILE = ProjectWindowName/Info.plist;
				INSTALL_PATH = "/Library/Application Support/Developer/Shared/Xcode/Plug-ins";
				MACOSX_DEPLOYMENT_TARGET = 10.9;
				PRODUCT_NAME = "$(TARGET_NAME)";
				WRAPPER_EXTENSION = xcplugin;
			};
			name = Release;
		};
/* End XCBuildConfiguration section */

/* Begin XCConfigurationList section */
		DBD0FB2119DDC6800055ED34 /* Build configuration list for PBXProject "ProjectWindowName" */ = {
			isa = XCConfigurationList;
			buildConfigurations = (
				DBD0FB3519DDC6800055ED34 /* Debug */,
				DBD0FB3619DDC6800055ED34 /* Release */,
			);
			defaultConfigurationIsVisible = 0;
			defaultConfigurationName = Release;
		};
		DBD0FB3719DDC6800055ED34 /* Build configuration list for PBXNativeTarget "ProjectWindowName" */ = {
			isa = XCConfigurationList;
			buildConfigurations = (
				DBD0FB3819DDC6800055ED34 /* Debug */,
				DBD0FB3919DDC6800055ED34 /* Release */,
			);
			defaultConfigurationIsVisible = 0;
			defaultConfigurationName = Release;
		};
/* End XCConfigurationList section */
	};
	rootObject = DBD0FB1E19DDC6800055ED34 /* Project object */;
}
